
Microsoft Visual Studio Solution File, Format Version 12.00
# Visual Studio Version 16
VisualStudioVersion = 16.0.31702.278
MinimumVisualStudioVersion = 10.0.40219.1
Project("{9A19103F-16F7-4668-BE54-9A1E7A4F7556}") = "WatchDog", "WatchDog\WatchDog.csproj", "{22C93BA5-CA33-476E-8E3C-E0D7324AB2E4}"
EndProject
Project("{FAE04EC0-301F-11D3-BF4B-00C04F79EFBC}") = "WatchDogTestApi", "WatchDogTestApi\WatchDogTestApi.csproj", "{7CD2E0D4-1D9B-4ABE-9375-48D887604006}"
EndProject
Global
	GlobalSection(SolutionConfigurationPlatforms) = preSolution
		Debug|Any CPU = Debug|Any CPU
		Release|Any CPU = Release|Any CPU
	EndGlobalSection
	GlobalSection(ProjectConfigurationPlatforms) = postSolution
		{22C93BA5-CA33-476E-8E3C-E0D7324AB2E4}.Debug|Any CPU.ActiveCfg = Debug|Any CPU
		{22C93BA5-CA33-476E-8E3C-E0D7324AB2E4}.Debug|Any CPU.Build.0 = Debug|Any CPU
		{22C93BA5-CA33-476E-8E3C-E0D7324AB2E4}.Release|Any CPU.ActiveCfg = Release|Any CPU
		{22C93BA5-CA33-476E-8E3C-E0D7324AB2E4}.Release|Any CPU.Build.0 = Release|Any CPU
		{7CD2E0D4-1D9B-4ABE-9375-48D887604006}.Debug|Any CPU.ActiveCfg = Debug|Any CPU
		{7CD2E0D4-1D9B-4ABE-9375-48D887604006}.Debug|Any CPU.Build.0 = Debug|Any CPU
		{7CD2E0D4-1D9B-4ABE-9375-48D887604006}.Release|Any CPU.ActiveCfg = Release|Any CPU
		{7CD2E0D4-1D9B-4ABE-9375-48D887604006}.Release|Any CPU.Build.0 = Release|Any CPU
	EndGlobalSection
	GlobalSection(SolutionProperties) = preSolution
		HideSolutionNode = FALSE
	EndGlobalSection
	GlobalSection(ExtensibilityGlobals) = postSolution
		SolutionGuid = {79659EC6-B0FE-46E5-B3B3-02A152EF5C99}
	EndGlobalSection
EndGlobal
