
Microsoft Visual Studio Solution File, Format Version 12.00
# Visual Studio Version 17
VisualStudioVersion = 17.0.32014.148
MinimumVisualStudioVersion = 10.0.40219.1
Project("{FAE04EC0-301F-11D3-BF4B-00C04F79EFBC}") = "WatchDog", "WatchDog\WatchDog.csproj", "{22C93BA5-CA33-476E-8E3C-E0D7324AB2E4}"
EndProject
Global
	GlobalSection(SolutionConfigurationPlatforms) = preSolution
		Debug|Any CPU = Debug|Any CPU
		Release|Any CPU = Release|Any CPU
	EndGlobalSection
	GlobalSection(ProjectConfigurationPlatforms) = postSolution
		{22C93BA5-CA33-476E-8E3C-E0D7324AB2E4}.Debug|Any CPU.ActiveCfg = Debug|Any CPU
		{22C93BA5-CA33-476E-8E3C-E0D7324AB2E4}.Debug|Any CPU.Build.0 = Debug|Any CPU
		{22C93BA5-CA33-476E-8E3C-E0D7324AB2E4}.Release|Any CPU.ActiveCfg = Release|Any CPU
		{22C93BA5-CA33-476E-8E3C-E0D7324AB2E4}.Release|Any CPU.Build.0 = Release|Any CPU
	EndGlobalSection
	GlobalSection(SolutionProperties) = preSolution
		HideSolutionNode = FALSE
	EndGlobalSection
	GlobalSection(ExtensibilityGlobals) = postSolution
		SolutionGuid = {79659EC6-B0FE-46E5-B3B3-02A152EF5C99}
	EndGlobalSection
EndGlobal
